
Microsoft Visual Studio Solution File, Format Version 12.00
# Visual Studio Version 17
VisualStudioVersion = 17.6.33829.357
MinimumVisualStudioVersion = 10.0.40219.1
Project("{FAE04EC0-301F-11D3-BF4B-00C04F79EFBC}") = "GravitonEco", "GravitonEco\GravitonEco.csproj", "{70907464-2D60-4514-9FB9-7197F661537B}"
EndProject
Global
	GlobalSection(SolutionConfigurationPlatforms) = preSolution
		Debug|Any CPU = Debug|Any CPU
		Release|Any CPU = Release|Any CPU
	EndGlobalSection
	GlobalSection(ProjectConfigurationPlatforms) = postSolution
		{70907464-2D60-4514-9FB9-7197F661537B}.Debug|Any CPU.ActiveCfg = Debug|Any CPU
		{70907464-2D60-4514-9FB9-7197F661537B}.Debug|Any CPU.Build.0 = Debug|Any CPU
		{70907464-2D60-4514-9FB9-7197F661537B}.Release|Any CPU.ActiveCfg = Release|Any CPU
		{70907464-2D60-4514-9FB9-7197F661537B}.Release|Any CPU.Build.0 = Release|Any CPU
	EndGlobalSection
	GlobalSection(SolutionProperties) = preSolution
		HideSolutionNode = FALSE
	EndGlobalSection
	GlobalSection(ExtensibilityGlobals) = postSolution
		SolutionGuid = {26327DC0-C452-4DF5-95BA-1790B743D7C1}
	EndGlobalSection
EndGlobal
