
Microsoft Visual Studio Solution File, Format Version 12.00
# Visual Studio Version 17
VisualStudioVersion = 17.6.33829.357
MinimumVisualStudioVersion = 10.0.40219.1
Project("{FAE04EC0-301F-11D3-BF4B-00C04F79EFBC}") = "GravitonEcoClient", "GravitonEcoV2\GravitonEcoClient.csproj", "{303DC25F-27D7-4D88-8E6A-54D8E0EE4A8C}"
EndProject
Project("{FAE04EC0-301F-11D3-BF4B-00C04F79EFBC}") = "GravitonEcoCoreService", "GravitonEcoCoreService\GravitonEcoCoreService.csproj", "{C934CA2A-D3F5-4761-B35E-1C6AE9469344}"
EndProject
Global
	GlobalSection(SolutionConfigurationPlatforms) = preSolution
		Debug|Any CPU = Debug|Any CPU
		Release|Any CPU = Release|Any CPU
	EndGlobalSection
	GlobalSection(ProjectConfigurationPlatforms) = postSolution
		{303DC25F-27D7-4D88-8E6A-54D8E0EE4A8C}.Debug|Any CPU.ActiveCfg = Debug|Any CPU
		{303DC25F-27D7-4D88-8E6A-54D8E0EE4A8C}.Debug|Any CPU.Build.0 = Debug|Any CPU
		{303DC25F-27D7-4D88-8E6A-54D8E0EE4A8C}.Release|Any CPU.ActiveCfg = Release|Any CPU
		{303DC25F-27D7-4D88-8E6A-54D8E0EE4A8C}.Release|Any CPU.Build.0 = Release|Any CPU
		{C934CA2A-D3F5-4761-B35E-1C6AE9469344}.Debug|Any CPU.ActiveCfg = Debug|Any CPU
		{C934CA2A-D3F5-4761-B35E-1C6AE9469344}.Debug|Any CPU.Build.0 = Debug|Any CPU
		{C934CA2A-D3F5-4761-B35E-1C6AE9469344}.Release|Any CPU.ActiveCfg = Release|Any CPU
		{C934CA2A-D3F5-4761-B35E-1C6AE9469344}.Release|Any CPU.Build.0 = Release|Any CPU
	EndGlobalSection
	GlobalSection(SolutionProperties) = preSolution
		HideSolutionNode = FALSE
	EndGlobalSection
	GlobalSection(ExtensibilityGlobals) = postSolution
		SolutionGuid = {4345B858-3928-49EF-A38E-4A404416216A}
	EndGlobalSection
EndGlobal
