
Microsoft Visual Studio Solution File, Format Version 12.00
# Visual Studio Version 17
VisualStudioVersion = 17.10.35027.167
MinimumVisualStudioVersion = 10.0.40219.1
Project("{9A19103F-16F7-4668-BE54-9A1E7A4F7556}") = "GravitonEco", "GravitonEco\GravitonEco.csproj", "{B8E60CE1-1704-4B64-98C3-06679709DAC2}"
EndProject
Project("{9A19103F-16F7-4668-BE54-9A1E7A4F7556}") = "GravitonEcoWeb", "GravitonEcoWeb\GravitonEcoWeb.csproj", "{4C91CC20-2EC2-44A5-9D68-3FAB046B05D0}"
EndProject
Project("{9A19103F-16F7-4668-BE54-9A1E7A4F7556}") = "GravitonEcoWEBmvc", "GravitonEcoWEBmvc\GravitonEcoWEBmvc.csproj", "{A1C69080-C875-4602-AA99-9B63A01DE49C}"
EndProject
Global
	GlobalSection(SolutionConfigurationPlatforms) = preSolution
		Debug|Any CPU = Debug|Any CPU
		Release|Any CPU = Release|Any CPU
	EndGlobalSection
	GlobalSection(ProjectConfigurationPlatforms) = postSolution
		{B8E60CE1-1704-4B64-98C3-06679709DAC2}.Debug|Any CPU.ActiveCfg = Debug|Any CPU
		{B8E60CE1-1704-4B64-98C3-06679709DAC2}.Debug|Any CPU.Build.0 = Debug|Any CPU
		{B8E60CE1-1704-4B64-98C3-06679709DAC2}.Release|Any CPU.ActiveCfg = Release|Any CPU
		{B8E60CE1-1704-4B64-98C3-06679709DAC2}.Release|Any CPU.Build.0 = Release|Any CPU
		{4C91CC20-2EC2-44A5-9D68-3FAB046B05D0}.Debug|Any CPU.ActiveCfg = Debug|Any CPU
		{4C91CC20-2EC2-44A5-9D68-3FAB046B05D0}.Debug|Any CPU.Build.0 = Debug|Any CPU
		{4C91CC20-2EC2-44A5-9D68-3FAB046B05D0}.Release|Any CPU.ActiveCfg = Release|Any CPU
		{4C91CC20-2EC2-44A5-9D68-3FAB046B05D0}.Release|Any CPU.Build.0 = Release|Any CPU
		{A1C69080-C875-4602-AA99-9B63A01DE49C}.Debug|Any CPU.ActiveCfg = Debug|Any CPU
		{A1C69080-C875-4602-AA99-9B63A01DE49C}.Debug|Any CPU.Build.0 = Debug|Any CPU
		{A1C69080-C875-4602-AA99-9B63A01DE49C}.Release|Any CPU.ActiveCfg = Release|Any CPU
		{A1C69080-C875-4602-AA99-9B63A01DE49C}.Release|Any CPU.Build.0 = Release|Any CPU
	EndGlobalSection
	GlobalSection(SolutionProperties) = preSolution
		HideSolutionNode = FALSE
	EndGlobalSection
	GlobalSection(ExtensibilityGlobals) = postSolution
		SolutionGuid = {859E5AD3-56D0-46DC-B526-F8FBF1440029}
	EndGlobalSection
EndGlobal
